{
  "name": "lambdaec2",
  "version": "1.0.0",
  "lockfileVersion": 3,
  "requires": true,
  "packages": {
    "": {
      "name": "lambdaec2",
      "version": "1.0.0",
      "license": "ISC",
      "dependencies": {
        "@aws-sdk/client-ec2": "^3.1078.0"
      }
    },
    "node_modules/@aws-sdk/client-ec2": {
      "version": "3.1078.0",
      "resolved": "https://registry.npmjs.org/@aws-sdk/client-ec2/-/client-ec2-3.1078.0.tgz",
      "integrity": "sha512-MSlACaqAjteqr7IJWjvKr6xUfo3SXaM8wjK2DOqiMufM0V+ETd/k9/KfQ0xrA8z3iqYxaQ6Zh82QqIqdX5+F5w==",
      "license": "Apache-2.0",
      "dependencies": {
        "@aws-sdk/core": "^3.974.26",
        "@aws-sdk/credential-provider-node": "^3.972.61",
        "@aws-sdk/middleware-sdk-ec2": "^3.972.40",
        "@aws-sdk/types": "^3.973.15",
        "@smithy/core": "^3.29.0",
        "@smithy/fetch-http-handler": "^5.6.2",
        "@smithy/node-http-handler": "^4.9.2",
        "@smithy/types": "^4.15.1",
        "tslib": "^2.6.2"
      },
      "engines": {
        "node": ">=20.0.0"
      }
    },
    "node_modules/@aws-sdk/core": {
      "version": "3.974.26",
      "resolved": "https://registry.npmjs.org/@aws-sdk/core/-/core-3.974.26.tgz",
      "integrity": "sha512-wRj7Pthvjk3anees97pUWlxlTa0DUjeGrEQU5fKDZVdWZV0ekaprbof0df2uaE9g8u67t035v2j+ne2AW2UMkA==",
      "license": "Apache-2.0",
      "dependencies": {
        "@aws-sdk/types": "^3.973.15",
        "@aws-sdk/xml-builder": "^3.972.33",
        "@aws/lambda-invoke-store": "^0.2.2",
        "@smithy/core": "^3.29.0",
        "@smithy/signature-v4": "^5.6.1",
        "@smithy/types": "^4.15.1",
        "bowser": "^2.11.0",
        "tslib": "^2.6.2"
      },
      "engines": {
        "node": ">=20.0.0"
      }
    },
    "node_modules/@aws-sdk/credential-provider-env": {
      "version": "3.972.52",
      "resolved": "https://registry.npmjs.org/@aws-sdk/credential-provider-env/-/credential-provider-env-3.972.52.tgz",
      "integrity": "sha512-sxuaHZGHqOgKB8OdL3doXa1NJjqmO60FPfyTnYVKGjX9taRsIEGS9pd+2yALmo06hijZ8L94uSK0kfXZsRmVyA==",
      "license": "Apache-2.0",
      "dependencies": {
        "@aws-sdk/core": "^3.974.26",
        "@aws-sdk/types": "^3.973.15",
        "@smithy/core": "^3.29.0",
        "@smithy/types": "^4.15.1",
        "tslib": "^2.6.2"
      },
      "engines": {
        "node": ">=20.0.0"
      }
    },
    "node_modules/@aws-sdk/credential-provider-http": {
      "version": "3.972.54",
      "resolved": "https://registry.npmjs.org/@aws-sdk/credential-provider-http/-/credential-provider-http-3.972.54.tgz",
      "integrity": "sha512-e6yz52nq3SpR1oPLcvfsDM7H7k2gIYk/NSn/rwsFqzGXEwr3g0mRMlPbLaKCPCGNZJMU/gZg6/64B3eSam+gBw==",
      "license": "Apache-2.0",
      "dependencies": {
        "@aws-sdk/core": "^3.974.26",
        "@aws-sdk/types": "^3.973.15",
        "@smithy/core": "^3.29.0",
        "@smithy/fetch-http-handler": "^5.6.2",
        "@smithy/node-http-handler": "^4.9.2",
        "@smithy/types": "^4.15.1",
        "tslib": "^2.6.2"
      },
      "engines": {
        "node": ">=20.0.0"
      }
    },
    "node_modules/@aws-sdk/credential-provider-ini": {
      "version": "3.972.59",
      "resolved": "https://registry.npmjs.org/@aws-sdk/credential-provider-ini/-/credential-provider-ini-3.972.59.tgz",
      "integrity": "sha512-9Um/UpruN76AdpiLnvwChVkJJwJ9Vx9ykk/2AeLxxSCM/YYRD8Kkq2towUk9fZQLV7dd9ATlsi87U7hKs0z/iQ==",
      "license": "Apache-2.0",
      "dependencies": {
        "@aws-sdk/core": "^3.974.26",
        "@aws-sdk/credential-provider-env": "^3.972.52",
        "@aws-sdk/credential-provider-http": "^3.972.54",
        "@aws-sdk/credential-provider-login": "^3.972.58",
        "@aws-sdk/credential-provider-process": "^3.972.52",
        "@aws-sdk/credential-provider-sso": "^3.972.58",
        "@aws-sdk/credential-provider-web-identity": "^3.972.58",
        "@aws-sdk/nested-clients": "^3.997.26",
        "@aws-sdk/types": "^3.973.15",
        "@smithy/core": "^3.29.0",
        "@smithy/credential-provider-imds": "^4.4.5",
        "@smithy/types": "^4.15.1",
        "tslib": "^2.6.2"
      },
      "engines": {
        "node": ">=20.0.0"
      }
    },
    "node_modules/@aws-sdk/credential-provider-login": {
      "version": "3.972.58",
      "resolved": "https://registry.npmjs.org/@aws-sdk/credential-provider-login/-/credential-provider-login-3.972.58.tgz",
      "integrity": "sha512-H3q96qF8/DJsPsXMVtMRqSWOc85K5O4zos32untdw+vE5vw0f3a6qJo1YqbND4BsEIKd4iZmzzVUq9kV4LjbHg==",
      "license": "Apache-2.0",
      "dependencies": {
        "@aws-sdk/core": "^3.974.26",
        "@aws-sdk/nested-clients": "^3.997.26",
        "@aws-sdk/types": "^3.973.15",
        "@smithy/core": "^3.29.0",
        "@smithy/types": "^4.15.1",
        "tslib": "^2.6.2"
      },
      "engines": {
        "node": ">=20.0.0"
      }
    },
    "node_modules/@aws-sdk/credential-provider-node": {
      "version": "3.972.61",
      "resolved": "https://registry.npmjs.org/@aws-sdk/credential-provider-node/-/credential-provider-node-3.972.61.tgz",
      "integrity": "sha512-2U2KHMRCt1dlZoLU3KZR5g5EL4b0h2HHw96SkaUBK7qvEXPZj5rGRO/3ZTeJmh37dIYQuCnA2273rZOQvmsiHw==",
      "license": "Apache-2.0",
      "dependencies": {
        "@aws-sdk/credential-provider-env": "^3.972.52",
        "@aws-sdk/credential-provider-http": "^3.972.54",
        "@aws-sdk/credential-provider-ini": "^3.972.59",
        "@aws-sdk/credential-provider-process": "^3.972.52",
        "@aws-sdk/credential-provider-sso": "^3.972.58",
        "@aws-sdk/credential-provider-web-identity": "^3.972.58",
        "@aws-sdk/types": "^3.973.15",
        "@smithy/core": "^3.29.0",
        "@smithy/credential-provider-imds": "^4.4.5",
        "@smithy/types": "^4.15.1",
        "tslib": "^2.6.2"
      },
      "engines": {
        "node": ">=20.0.0"
      }
    },
    "node_modules/@aws-sdk/credential-provider-process": {
      "version": "3.972.52",
      "resolved": "https://registry.npmjs.org/@aws-sdk/credential-provider-process/-/credential-provider-process-3.972.52.tgz",
      "integrity": "sha512-Aff9Ebs42lz+Ep1wkS+Nlwh5S0eahakpyskPsuKGjiBJ6ExOjNtxbfKJTKovQtQNgJ7oG1BH6esJwGrbs7qgSA==",
      "license": "Apache-2.0",
      "dependencies": {
        "@aws-sdk/core": "^3.974.26",
        "@aws-sdk/types": "^3.973.15",
        "@smithy/core": "^3.29.0",
        "@smithy/types": "^4.15.1",
        "tslib": "^2.6.2"
      },
      "engines": {
        "node": ">=20.0.0"
      }
    },
    "node_modules/@aws-sdk/credential-provider-sso": {
      "version": "3.972.58",
      "resolved": "https://registry.npmjs.org/@aws-sdk/credential-provider-sso/-/credential-provider-sso-3.972.58.tgz",
      "integrity": "sha512-syloC58mXOacUqM2toPNfwd7X3jT+tWj0F/cN7qdW1FQyI0q41J0tPf6DIZ56BF0x82iS9j3ALP45MoBz79YuQ==",
      "license": "Apache-2.0",
      "dependencies": {
        "@aws-sdk/core": "^3.974.26",
        "@aws-sdk/nested-clients": "^3.997.26",
        "@aws-sdk/token-providers": "3.1078.0",
        "@aws-sdk/types": "^3.973.15",
        "@smithy/core": "^3.29.0",
        "@smithy/types": "^4.15.1",
        "tslib": "^2.6.2"
      },
      "engines": {
        "node": ">=20.0.0"
      }
    },
    "node_modules/@aws-sdk/credential-provider-web-identity": {
      "version": "3.972.58",
      "resolved": "https://registry.npmjs.org/@aws-sdk/credential-provider-web-identity/-/credential-provider-web-identity-3.972.58.tgz",
      "integrity": "sha512-pTBImKzcGK+pcMKjL0fAJbnYzzYd1c0UDc7BSIOGNQhF9Nuk66vWlIXfYTYyzNSs+w8Q/vfbbNDDU8zdrouwLg==",
      "license": "Apache-2.0",
      "dependencies": {
        "@aws-sdk/core": "^3.974.26",
        "@aws-sdk/nested-clients": "^3.997.26",
        "@aws-sdk/types": "^3.973.15",
        "@smithy/core": "^3.29.0",
        "@smithy/types": "^4.15.1",
        "tslib": "^2.6.2"
      },
      "engines": {
        "node": ">=20.0.0"
      }
    },
    "node_modules/@aws-sdk/middleware-sdk-ec2": {
      "version": "3.972.40",
      "resolved": "https://registry.npmjs.org/@aws-sdk/middleware-sdk-ec2/-/middleware-sdk-ec2-3.972.40.tgz",
      "integrity": "sha512-64E9keSNxgTgN+o9YnWJtz5hHUROI4gyN8kQ/NPNLi1rwBEEk5mfW1RwudZnvP9PMbG3iBRyIL6arhpDmE+Bdg==",
      "license": "Apache-2.0",
      "dependencies": {
        "@aws-sdk/core": "^3.974.26",
        "@aws-sdk/types": "^3.973.15",
        "@smithy/core": "^3.29.0",
        "@smithy/signature-v4": "^5.6.1",
        "@smithy/types": "^4.15.1",
        "tslib": "^2.6.2"
      },
      "engines": {
        "node": ">=20.0.0"
      }
    },
    "node_modules/@aws-sdk/nested-clients": {
      "version": "3.997.26",
      "resolved": "https://registry.npmjs.org/@aws-sdk/nested-clients/-/nested-clients-3.997.26.tgz",
      "integrity": "sha512-Lwe3F6K7bs+jEubp1LbrvzeMBYb5fMazJ1IxV9TtKWPF8CSh67Fmwyq9fLz3NL/k55Dfpuph5Dimw76JFgr+SA==",
      "license": "Apache-2.0",
      "dependencies": {
        "@aws-sdk/core": "^3.974.26",
        "@aws-sdk/signature-v4-multi-region": "^3.996.38",
        "@aws-sdk/types": "^3.973.15",
        "@smithy/core": "^3.29.0",
        "@smithy/fetch-http-handler": "^5.6.2",
        "@smithy/node-http-handler": "^4.9.2",
        "@smithy/types": "^4.15.1",
        "tslib": "^2.6.2"
      },
      "engines": {
        "node": ">=20.0.0"
      }
    },
    "node_modules/@aws-sdk/signature-v4-multi-region": {
      "version": "3.996.38",
      "resolved": "https://registry.npmjs.org/@aws-sdk/signature-v4-multi-region/-/signature-v4-multi-region-3.996.38.tgz",
      "integrity": "sha512-C379Sk+MiFZCfWZphKlMyLHKxV22OjoGM5KJjj5IJNJcOCWL4IGIpnEGzv1FQiRwhYXfq55SJMfxlqPE08JJ9g==",
      "license": "Apache-2.0",
      "dependencies": {
        "@aws-sdk/types": "^3.973.15",
        "@smithy/signature-v4": "^5.6.1",
        "@smithy/types": "^4.15.1",
        "tslib": "^2.6.2"
      },
      "engines": {
        "node": ">=20.0.0"
      }
    },
    "node_modules/@aws-sdk/token-providers": {
      "version": "3.1078.0",
      "resolved": "https://registry.npmjs.org/@aws-sdk/token-providers/-/token-providers-3.1078.0.tgz",
      "integrity": "sha512-/uyXLBGu3Lw1GbBA2X66hcOMnKtMcqAIF+3/eHfxBQmUeXF2sdqozDPrTfEr/TnSd0D6deZar+eVyhEqqWu29w==",
      "license": "Apache-2.0",
      "dependencies": {
        "@aws-sdk/core": "^3.974.26",
        "@aws-sdk/nested-clients": "^3.997.26",
        "@aws-sdk/types": "^3.973.15",
        "@smithy/core": "^3.29.0",
        "@smithy/types": "^4.15.1",
        "tslib": "^2.6.2"
      },
      "engines": {
        "node": ">=20.0.0"
      }
    },
    "node_modules/@aws-sdk/types": {
      "version": "3.973.15",
      "resolved": "https://registry.npmjs.org/@aws-sdk/types/-/types-3.973.15.tgz",
      "integrity": "sha512-IULn8uBV/SMtmOIANsm4WHXIOtVPBWfOWs3WGL0j/sI+KhaYehvOw0ET+9urnn8MBpiijuU/0JOpuwKOE451PQ==",
      "license": "Apache-2.0",
      "dependencies": {
        "@smithy/types": "^4.15.1",
        "tslib": "^2.6.2"
      },
      "engines": {
        "node": ">=20.0.0"
      }
    },
    "node_modules/@aws-sdk/xml-builder": {
      "version": "3.972.33",
      "resolved": "https://registry.npmjs.org/@aws-sdk/xml-builder/-/xml-builder-3.972.33.tgz",
      "integrity": "sha512-ezbwz9WpuLctm6o7P2t2naDhVVPI5jFGrVefVybhcKGjU57VIyT46pQVO0RI2RYkUdhdj2Z9uSIlAzGZE9NW9A==",
      "license": "Apache-2.0",
      "dependencies": {
        "@smithy/types": "^4.15.1",
        "tslib": "^2.6.2"
      },
      "engines": {
        "node": ">=20.0.0"
      }
    },
    "node_modules/@aws/lambda-invoke-store": {
      "version": "0.2.4",
      "resolved": "https://registry.npmjs.org/@aws/lambda-invoke-store/-/lambda-invoke-store-0.2.4.tgz",
      "integrity": "sha512-iY8yvjE0y651BixKNPgmv1WrQc+GZ142sb0z4gYnChDDY2YqI4P/jsSopBWrKfAt7LOJAkOXt7rC/hms+WclQQ==",
      "license": "Apache-2.0",
      "engines": {
        "node": ">=18.0.0"
      }
    },
    "node_modules/@smithy/core": {
      "version": "3.29.0",
      "resolved": "https://registry.npmjs.org/@smithy/core/-/core-3.29.0.tgz",
      "integrity": "sha512-sEvpvkBVoMxjoek35XyJFn2ZD3EJ1RpiZrT47WaZodxzAIWS44zkdvbqGE/ZlugtjiQp62cffYZ9ldyRkjAGnA==",
      "license": "Apache-2.0",
      "dependencies": {
        "@smithy/types": "^4.15.1",
        "tslib": "^2.6.2"
      },
      "engines": {
        "node": ">=18.0.0"
      }
    },
    "node_modules/@smithy/credential-provider-imds": {
      "version": "4.4.5",
      "resolved": "https://registry.npmjs.org/@smithy/credential-provider-imds/-/credential-provider-imds-4.4.5.tgz",
      "integrity": "sha512-LnjUTNG0GgQlKIq7IioeOrPaEmC5xOd1WtAz24TLSiYQnWX2uHr53GrFuQhkrJBktPYCMga/NbUOW7hFbSA2Cg==",
      "license": "Apache-2.0",
      "dependencies": {
        "@smithy/core": "^3.29.0",
        "@smithy/types": "^4.15.1",
        "tslib": "^2.6.2"
      },
      "engines": {
        "node": ">=18.0.0"
      }
    },
    "node_modules/@smithy/fetch-http-handler": {
      "version": "5.6.2",
      "resolved": "https://registry.npmjs.org/@smithy/fetch-http-handler/-/fetch-http-handler-5.6.2.tgz",
      "integrity": "sha512-q96PSDOAGw+X+nuELd7Cjebps0SYr+YlPbviEX9sLVw+VM4M7VV8hn1nL1mGS6urDu33eQ5A7WhlphaDO6kUyQ==",
      "license": "Apache-2.0",
      "dependencies": {
        "@smithy/core": "^3.29.0",
        "@smithy/types": "^4.15.1",
        "tslib": "^2.6.2"
      },
      "engines": {
        "node": ">=18.0.0"
      }
    },
    "node_modules/@smithy/node-http-handler": {
      "version": "4.9.2",
      "resolved": "https://registry.npmjs.org/@smithy/node-http-handler/-/node-http-handler-4.9.2.tgz",
      "integrity": "sha512-s0yAIRj6TVfHgl+QzVyqal1KMGZ9B5512IrxKc6+dOpw8fUmFL3CvuAhjv0J+aNjUPfVZ2IhqPEDvkB5Ncx9oA==",
      "license": "Apache-2.0",
      "dependencies": {
        "@smithy/core": "^3.29.0",
        "@smithy/types": "^4.15.1",
        "tslib": "^2.6.2"
      },
      "engines": {
        "node": ">=18.0.0"
      }
    },
    "node_modules/@smithy/signature-v4": {
      "version": "5.6.1",
      "resolved": "https://registry.npmjs.org/@smithy/signature-v4/-/signature-v4-5.6.1.tgz",
      "integrity": "sha512-SqvuP75p/DmgWWI7jv4kf/UW+V4LFmlUn19s604SgAcRuJRB1vDnWwzZMYCLUcmKxko9wDn6iLgGEIpTNgZbIQ==",
      "license": "Apache-2.0",
      "dependencies": {
        "@smithy/core": "^3.29.0",
        "@smithy/types": "^4.15.1",
        "tslib": "^2.6.2"
      },
      "engines": {
        "node": ">=18.0.0"
      }
    },
    "node_modules/@smithy/types": {
      "version": "4.15.1",
      "resolved": "https://registry.npmjs.org/@smithy/types/-/types-4.15.1.tgz",
      "integrity": "sha512-x3L0XSACF6UYzKpa9biqiRMgvH5+wnFFew9Tm/grFYqgaupPwx/+ojDPpPJM8dZON3S9tjz5U+PQYsCBd1Mw5Q==",
      "license": "Apache-2.0",
      "dependencies": {
        "tslib": "^2.6.2"
      },
      "engines": {
        "node": ">=18.0.0"
      }
    },
    "node_modules/bowser": {
      "version": "2.14.1",
      "resolved": "https://registry.npmjs.org/bowser/-/bowser-2.14.1.tgz",
      "integrity": "sha512-tzPjzCxygAKWFOJP011oxFHs57HzIhOEracIgAePE4pqB3LikALKnSzUyU4MGs9/iCEUuHlAJTjTc5M+u7YEGg==",
      "license": "MIT"
    },
    "node_modules/tslib": {
      "version": "2.8.1",
      "resolved": "https://registry.npmjs.org/tslib/-/tslib-2.8.1.tgz",
      "integrity": "sha512-oJFu94HQb+KVduSUQL7wnpmqnfmLsOA/nAh6b6EH0wCEoK0/mPeXU6c3wKDV83MkOuHPRHtSXKKU99IBazS/2w==",
      "license": "0BSD"
    }
  }
}
