{
  "name": "lambdaec2",
  "version": "1.0.0",
  "lockfileVersion": 3,
  "requires": true,
  "packages": {
    "": {
      "name": "lambdaec2",
      "version": "1.0.0",
      "license": "ISC",
      "dependencies": {
        "@aws-sdk/client-ec2": "^3.1087.0"
      }
    },
    "node_modules/@aws-sdk/client-ec2": {
      "version": "3.1087.0",
      "resolved": "https://registry.npmjs.org/@aws-sdk/client-ec2/-/client-ec2-3.1087.0.tgz",
      "integrity": "sha512-4QcrDvc5mBA3mfhWTTiv32ZIYUhVdxT89b1faimTfU29B4e7Kb2//+WtXN1hbIx6W+tZZ/wriwylapRfL2AhEQ==",
      "license": "Apache-2.0",
      "dependencies": {
        "@aws-sdk/core": "^3.975.2",
        "@aws-sdk/credential-provider-node": "^3.972.68",
        "@aws-sdk/middleware-sdk-ec2": "^3.972.46",
        "@aws-sdk/types": "^3.974.1",
        "@smithy/core": "^3.29.3",
        "@smithy/fetch-http-handler": "^5.6.5",
        "@smithy/node-http-handler": "^4.9.5",
        "@smithy/types": "^4.16.1",
        "tslib": "^2.6.2"
      },
      "engines": {
        "node": ">=20.0.0"
      }
    },
    "node_modules/@aws-sdk/core": {
      "version": "3.975.2",
      "resolved": "https://registry.npmjs.org/@aws-sdk/core/-/core-3.975.2.tgz",
      "integrity": "sha512-iyeXwziyjJpixq5OmhsIyrSWx8vwcI7gDo4yRUC3EP7NQtOo9iAJiIEc3G+/HkhtNXqOhofiCK7Lc34Sq+fJWg==",
      "license": "Apache-2.0",
      "dependencies": {
        "@aws-sdk/types": "^3.974.1",
        "@aws-sdk/xml-builder": "^3.972.35",
        "@aws/lambda-invoke-store": "^0.3.0",
        "@smithy/core": "^3.29.3",
        "@smithy/signature-v4": "^5.6.3",
        "@smithy/types": "^4.16.1",
        "bowser": "^2.11.0",
        "tslib": "^2.6.2"
      },
      "engines": {
        "node": ">=20.0.0"
      }
    },
    "node_modules/@aws-sdk/credential-provider-env": {
      "version": "3.972.58",
      "resolved": "https://registry.npmjs.org/@aws-sdk/credential-provider-env/-/credential-provider-env-3.972.58.tgz",
      "integrity": "sha512-vyGtvK1rY940eq7JT0yIGKuZ+2kpPSJcHibSvGlit5oiMFDamzC7cxBGLl4FLnd6suihMXDI2FSF2dL6TmBqPA==",
      "license": "Apache-2.0",
      "dependencies": {
        "@aws-sdk/core": "^3.975.2",
        "@aws-sdk/types": "^3.974.1",
        "@smithy/core": "^3.29.3",
        "@smithy/types": "^4.16.1",
        "tslib": "^2.6.2"
      },
      "engines": {
        "node": ">=20.0.0"
      }
    },
    "node_modules/@aws-sdk/credential-provider-http": {
      "version": "3.972.60",
      "resolved": "https://registry.npmjs.org/@aws-sdk/credential-provider-http/-/credential-provider-http-3.972.60.tgz",
      "integrity": "sha512-g9b9YzDrD5pcKiPBJfCSXRfFMrA39eR0guUhZ5SRm+7vMAVc43+effxbcamxBjSd5bUhrdKo5te/yQuWurLXLA==",
      "license": "Apache-2.0",
      "dependencies": {
        "@aws-sdk/core": "^3.975.2",
        "@aws-sdk/types": "^3.974.1",
        "@smithy/core": "^3.29.3",
        "@smithy/fetch-http-handler": "^5.6.5",
        "@smithy/node-http-handler": "^4.9.5",
        "@smithy/types": "^4.16.1",
        "tslib": "^2.6.2"
      },
      "engines": {
        "node": ">=20.0.0"
      }
    },
    "node_modules/@aws-sdk/credential-provider-ini": {
      "version": "3.973.2",
      "resolved": "https://registry.npmjs.org/@aws-sdk/credential-provider-ini/-/credential-provider-ini-3.973.2.tgz",
      "integrity": "sha512-Yr7yxNyQ8aHt9Ww0RPFUZx+xiem+vl7vuwhP0tniTijoesJNV5jou9HCgVpI0GEPAF+89TkOvilE5uRrZJnjaw==",
      "license": "Apache-2.0",
      "dependencies": {
        "@aws-sdk/core": "^3.975.2",
        "@aws-sdk/credential-provider-env": "^3.972.58",
        "@aws-sdk/credential-provider-http": "^3.972.60",
        "@aws-sdk/credential-provider-login": "^3.972.64",
        "@aws-sdk/credential-provider-process": "^3.972.58",
        "@aws-sdk/credential-provider-sso": "^3.973.2",
        "@aws-sdk/credential-provider-web-identity": "^3.972.64",
        "@aws-sdk/nested-clients": "^3.997.32",
        "@aws-sdk/types": "^3.974.1",
        "@smithy/core": "^3.29.3",
        "@smithy/credential-provider-imds": "^4.4.7",
        "@smithy/types": "^4.16.1",
        "tslib": "^2.6.2"
      },
      "engines": {
        "node": ">=20.0.0"
      }
    },
    "node_modules/@aws-sdk/credential-provider-login": {
      "version": "3.972.64",
      "resolved": "https://registry.npmjs.org/@aws-sdk/credential-provider-login/-/credential-provider-login-3.972.64.tgz",
      "integrity": "sha512-YQoSI4d6kXvoenoG/0Jv/PqaAuukHzGmGXGyHBQYeEUNsYovlNAn/Sw1wp/WQbhcQ3HsEMGgjEahvD3igz6ecQ==",
      "license": "Apache-2.0",
      "dependencies": {
        "@aws-sdk/core": "^3.975.2",
        "@aws-sdk/nested-clients": "^3.997.32",
        "@aws-sdk/types": "^3.974.1",
        "@smithy/core": "^3.29.3",
        "@smithy/types": "^4.16.1",
        "tslib": "^2.6.2"
      },
      "engines": {
        "node": ">=20.0.0"
      }
    },
    "node_modules/@aws-sdk/credential-provider-node": {
      "version": "3.972.68",
      "resolved": "https://registry.npmjs.org/@aws-sdk/credential-provider-node/-/credential-provider-node-3.972.68.tgz",
      "integrity": "sha512-4akjzW9CjorByYfqXBXmYUh/h7Io3U4DtVgGGh9TQraZ7ZlyJqNyHwDRGiUFnHD+BTOeTbCesCa4sJaK7BGZ7A==",
      "license": "Apache-2.0",
      "dependencies": {
        "@aws-sdk/credential-provider-env": "^3.972.58",
        "@aws-sdk/credential-provider-http": "^3.972.60",
        "@aws-sdk/credential-provider-ini": "^3.973.2",
        "@aws-sdk/credential-provider-process": "^3.972.58",
        "@aws-sdk/credential-provider-sso": "^3.973.2",
        "@aws-sdk/credential-provider-web-identity": "^3.972.64",
        "@aws-sdk/types": "^3.974.1",
        "@smithy/core": "^3.29.3",
        "@smithy/credential-provider-imds": "^4.4.7",
        "@smithy/types": "^4.16.1",
        "tslib": "^2.6.2"
      },
      "engines": {
        "node": ">=20.0.0"
      }
    },
    "node_modules/@aws-sdk/credential-provider-process": {
      "version": "3.972.58",
      "resolved": "https://registry.npmjs.org/@aws-sdk/credential-provider-process/-/credential-provider-process-3.972.58.tgz",
      "integrity": "sha512-1nYitRCaDmXWUrpBJt6WlcGjLx1JVsMY8rlYuHHsTYTSaYikbixYdQSyINN2VYq1F798uTO9qHAzytL25M8g3A==",
      "license": "Apache-2.0",
      "dependencies": {
        "@aws-sdk/core": "^3.975.2",
        "@aws-sdk/types": "^3.974.1",
        "@smithy/core": "^3.29.3",
        "@smithy/types": "^4.16.1",
        "tslib": "^2.6.2"
      },
      "engines": {
        "node": ">=20.0.0"
      }
    },
    "node_modules/@aws-sdk/credential-provider-sso": {
      "version": "3.973.2",
      "resolved": "https://registry.npmjs.org/@aws-sdk/credential-provider-sso/-/credential-provider-sso-3.973.2.tgz",
      "integrity": "sha512-pjMLaLU/JZi5lVfmR14V1OZqRBTuMHf6AwGNZA0K9hK+JKtO3jcLBarfD8iq5oc8cSowvc/9R32sqMVXZPo6xQ==",
      "license": "Apache-2.0",
      "dependencies": {
        "@aws-sdk/core": "^3.975.2",
        "@aws-sdk/nested-clients": "^3.997.32",
        "@aws-sdk/token-providers": "3.1087.0",
        "@aws-sdk/types": "^3.974.1",
        "@smithy/core": "^3.29.3",
        "@smithy/types": "^4.16.1",
        "tslib": "^2.6.2"
      },
      "engines": {
        "node": ">=20.0.0"
      }
    },
    "node_modules/@aws-sdk/credential-provider-web-identity": {
      "version": "3.972.64",
      "resolved": "https://registry.npmjs.org/@aws-sdk/credential-provider-web-identity/-/credential-provider-web-identity-3.972.64.tgz",
      "integrity": "sha512-7Buc7p0OvDHW7iBsu4b+YdS0WnaFBDGKDfbVQqaac9dkWiSiUtIoarBDsA1RmOVXZijaZJDoHJFIQiicQvWRlQ==",
      "license": "Apache-2.0",
      "dependencies": {
        "@aws-sdk/core": "^3.975.2",
        "@aws-sdk/nested-clients": "^3.997.32",
        "@aws-sdk/types": "^3.974.1",
        "@smithy/core": "^3.29.3",
        "@smithy/types": "^4.16.1",
        "tslib": "^2.6.2"
      },
      "engines": {
        "node": ">=20.0.0"
      }
    },
    "node_modules/@aws-sdk/middleware-sdk-ec2": {
      "version": "3.972.46",
      "resolved": "https://registry.npmjs.org/@aws-sdk/middleware-sdk-ec2/-/middleware-sdk-ec2-3.972.46.tgz",
      "integrity": "sha512-H73wH+QnWnXHFKIRpewMkLLczp+Fkmb/bkMutW13ABb3xLKbfPU/TTdOADZ+f0ZE+RbQ6K1y+PfjEziL2cRxPA==",
      "license": "Apache-2.0",
      "dependencies": {
        "@aws-sdk/core": "^3.975.2",
        "@aws-sdk/types": "^3.974.1",
        "@smithy/core": "^3.29.3",
        "@smithy/signature-v4": "^5.6.3",
        "@smithy/types": "^4.16.1",
        "tslib": "^2.6.2"
      },
      "engines": {
        "node": ">=20.0.0"
      }
    },
    "node_modules/@aws-sdk/nested-clients": {
      "version": "3.997.32",
      "resolved": "https://registry.npmjs.org/@aws-sdk/nested-clients/-/nested-clients-3.997.32.tgz",
      "integrity": "sha512-6Yj2fr9XF67cndITea48rchTdVr3VGx6PN47bIKNinJAjLkmaIlz/4EBPCgJ8UmhVopiXmeAuPLI3+DXDDbMhQ==",
      "license": "Apache-2.0",
      "dependencies": {
        "@aws-sdk/core": "^3.975.2",
        "@aws-sdk/signature-v4-multi-region": "^3.996.40",
        "@aws-sdk/types": "^3.974.1",
        "@smithy/core": "^3.29.3",
        "@smithy/fetch-http-handler": "^5.6.5",
        "@smithy/node-http-handler": "^4.9.5",
        "@smithy/types": "^4.16.1",
        "tslib": "^2.6.2"
      },
      "engines": {
        "node": ">=20.0.0"
      }
    },
    "node_modules/@aws-sdk/signature-v4-multi-region": {
      "version": "3.996.40",
      "resolved": "https://registry.npmjs.org/@aws-sdk/signature-v4-multi-region/-/signature-v4-multi-region-3.996.40.tgz",
      "integrity": "sha512-wrGZ/authosokclY1DXsiWT/1WjfCI22FuZGgdcilF+XLTXs5dCjAtiFYSPsEToZkbm3Lj2YP8PoWg0yoMNu0g==",
      "license": "Apache-2.0",
      "dependencies": {
        "@aws-sdk/types": "^3.974.1",
        "@smithy/signature-v4": "^5.6.3",
        "@smithy/types": "^4.16.1",
        "tslib": "^2.6.2"
      },
      "engines": {
        "node": ">=20.0.0"
      }
    },
    "node_modules/@aws-sdk/token-providers": {
      "version": "3.1087.0",
      "resolved": "https://registry.npmjs.org/@aws-sdk/token-providers/-/token-providers-3.1087.0.tgz",
      "integrity": "sha512-umM+qNq16f2fH+VLM5MqXW4ORNQAjk+TOSto73xbUHcKaU41L48j786r3UWQYlejeJk37NlvRYgxBT+MBkfaYQ==",
      "license": "Apache-2.0",
      "dependencies": {
        "@aws-sdk/core": "^3.975.2",
        "@aws-sdk/nested-clients": "^3.997.32",
        "@aws-sdk/types": "^3.974.1",
        "@smithy/core": "^3.29.3",
        "@smithy/types": "^4.16.1",
        "tslib": "^2.6.2"
      },
      "engines": {
        "node": ">=20.0.0"
      }
    },
    "node_modules/@aws-sdk/types": {
      "version": "3.974.1",
      "resolved": "https://registry.npmjs.org/@aws-sdk/types/-/types-3.974.1.tgz",
      "integrity": "sha512-W0IQZR0eaBqlBFIIofMapaWkw1W0U+Xi4dvW+BqwmCEMd8Ng2U6IhkxuPSjMVnR8klLjfuS9PeZWUl1N6UaZdg==",
      "license": "Apache-2.0",
      "dependencies": {
        "@smithy/types": "^4.16.1",
        "tslib": "^2.6.2"
      },
      "engines": {
        "node": ">=20.0.0"
      }
    },
    "node_modules/@aws-sdk/xml-builder": {
      "version": "3.972.35",
      "resolved": "https://registry.npmjs.org/@aws-sdk/xml-builder/-/xml-builder-3.972.35.tgz",
      "integrity": "sha512-pXzaWe3evZhjxDXAlMnqISe/XefTCGwBJG4nFTXaWSgAnMkqPEhxEPqJNhhpGesEvKFhvNpnozJJ4GTL11bRYw==",
      "license": "Apache-2.0",
      "dependencies": {
        "@smithy/types": "^4.16.1",
        "tslib": "^2.6.2"
      },
      "engines": {
        "node": ">=20.0.0"
      }
    },
    "node_modules/@aws/lambda-invoke-store": {
      "version": "0.3.0",
      "resolved": "https://registry.npmjs.org/@aws/lambda-invoke-store/-/lambda-invoke-store-0.3.0.tgz",
      "integrity": "sha512-sl4Bm6yiMNYrZKkqqDFWN0UfnWhlS8ivKxrYl+6t0gCLrqr8y3B2IqZZbFRkfaVVp7C/baApyh71P+LeE1A2sQ==",
      "license": "Apache-2.0",
      "engines": {
        "node": ">=18.0.0"
      }
    },
    "node_modules/@smithy/core": {
      "version": "3.29.4",
      "resolved": "https://registry.npmjs.org/@smithy/core/-/core-3.29.4.tgz",
      "integrity": "sha512-G1GRglAabzEhqghJMBAd54FkRS7SAFGHEwbhcI9r+O+LIMuFsLyXkLZkCoFSgAglRu8s/URVXJB0hglq3ZipIg==",
      "license": "Apache-2.0",
      "dependencies": {
        "@smithy/types": "^4.16.1",
        "tslib": "^2.6.2"
      },
      "engines": {
        "node": ">=18.0.0"
      }
    },
    "node_modules/@smithy/credential-provider-imds": {
      "version": "4.4.9",
      "resolved": "https://registry.npmjs.org/@smithy/credential-provider-imds/-/credential-provider-imds-4.4.9.tgz",
      "integrity": "sha512-2nfV4qRKiYeXU4zD2vvSCfg5dfp/BuhrM73vt7q9gzBhxs4rbPxXY21wo+kyI3bRmXcEGRnCLTaW8O437jzHIg==",
      "license": "Apache-2.0",
      "dependencies": {
        "@smithy/core": "^3.29.4",
        "@smithy/types": "^4.16.1",
        "tslib": "^2.6.2"
      },
      "engines": {
        "node": ">=18.0.0"
      }
    },
    "node_modules/@smithy/fetch-http-handler": {
      "version": "5.6.6",
      "resolved": "https://registry.npmjs.org/@smithy/fetch-http-handler/-/fetch-http-handler-5.6.6.tgz",
      "integrity": "sha512-NHLgAlORUFZjn5ZfhYuyyKMlXA1WLYOdGxEhyNxrPpbJzoacGbl0chn1lN2KiZ8mpNVk0tV5607CSYlYs/OFgw==",
      "license": "Apache-2.0",
      "dependencies": {
        "@smithy/core": "^3.29.4",
        "@smithy/types": "^4.16.1",
        "tslib": "^2.6.2"
      },
      "engines": {
        "node": ">=18.0.0"
      }
    },
    "node_modules/@smithy/node-http-handler": {
      "version": "4.9.6",
      "resolved": "https://registry.npmjs.org/@smithy/node-http-handler/-/node-http-handler-4.9.6.tgz",
      "integrity": "sha512-odd+HYx3OLcXRSEz0ZeF3JQdSYdK8QnRgA2N87cPW7coWIbKfRk7a9VQjfeWQLqnzrDLk23KMEn46p8N7M/JFg==",
      "license": "Apache-2.0",
      "dependencies": {
        "@smithy/core": "^3.29.4",
        "@smithy/types": "^4.16.1",
        "tslib": "^2.6.2"
      },
      "engines": {
        "node": ">=18.0.0"
      }
    },
    "node_modules/@smithy/signature-v4": {
      "version": "5.6.5",
      "resolved": "https://registry.npmjs.org/@smithy/signature-v4/-/signature-v4-5.6.5.tgz",
      "integrity": "sha512-MO5VEhwVl0BN7xVoVeNrZfiUFoQtqxUbgl6/RwOTlMMxCSjblG8twSrVTwz3J4w9WZxd2rBfBAUXjH77agspBg==",
      "license": "Apache-2.0",
      "dependencies": {
        "@smithy/core": "^3.29.4",
        "@smithy/types": "^4.16.1",
        "tslib": "^2.6.2"
      },
      "engines": {
        "node": ">=18.0.0"
      }
    },
    "node_modules/@smithy/types": {
      "version": "4.16.1",
      "resolved": "https://registry.npmjs.org/@smithy/types/-/types-4.16.1.tgz",
      "integrity": "sha512-0JFs3V2y2M9tKW5na/qxe69Zv+uxLMO7QBbhxF/FHu/Gp2NFZAAL9tWl9PU02xxo07pb3G9FTyjNc6D5uZrJIg==",
      "license": "Apache-2.0",
      "dependencies": {
        "tslib": "^2.6.2"
      },
      "engines": {
        "node": ">=18.0.0"
      }
    },
    "node_modules/bowser": {
      "version": "2.14.1",
      "resolved": "https://registry.npmjs.org/bowser/-/bowser-2.14.1.tgz",
      "integrity": "sha512-tzPjzCxygAKWFOJP011oxFHs57HzIhOEracIgAePE4pqB3LikALKnSzUyU4MGs9/iCEUuHlAJTjTc5M+u7YEGg==",
      "license": "MIT"
    },
    "node_modules/tslib": {
      "version": "2.8.1",
      "resolved": "https://registry.npmjs.org/tslib/-/tslib-2.8.1.tgz",
      "integrity": "sha512-oJFu94HQb+KVduSUQL7wnpmqnfmLsOA/nAh6b6EH0wCEoK0/mPeXU6c3wKDV83MkOuHPRHtSXKKU99IBazS/2w==",
      "license": "0BSD"
    }
  }
}
